// !$*UTF8*$!
{
	archiveVersion = 1;
	classes = {
	};
	objectVersion = 46;
	objects = {

/* Begin PBXBuildFile section */
		473A9CD51B1859AC004360C1 /* AppDelegate.swift in Sources */ = {isa = PBXBuildFile; fileRef = 473A9CD41B1859AC004360C1 /* AppDelegate.swift */; };
		473A9CD71B1859AC004360C1 /* ViewController.swift in Sources */ = {isa = PBXBuildFile; fileRef = 473A9CD61B1859AC004360C1 /* ViewController.swift */; };
		473A9CDA1B1859AC004360C1 /* Main.storyboard in Resources */ = {isa = PBXBuildFile; fileRef = 473A9CD81B1859AC004360C1 /* Main.storyboard */; };
		473A9CDC1B1859AC004360C1 /* Images.xcassets in Resources */ = {isa = PBXBuildFile; fileRef = 473A9CDB1B1859AC004360C1 /* Images.xcassets */; };
		473A9CDF1B1859AC004360C1 /* LaunchScreen.xib in Resources */ = {isa = PBXBuildFile; fileRef = 473A9CDD1B1859AC004360C1 /* LaunchScreen.xib */; };
		473A9CEB1B1859AC004360C1 /* Table_ViewsTests.swift in Sources */ = {isa = PBXBuildFile; fileRef = 473A9CEA1B1859AC004360C1 /* Table_ViewsTests.swift */; };
/* End PBXBuildFile section */

/* Begin PBXContainerItemProxy section */
		473A9CE51B1859AC004360C1 /* PBXContainerItemProxy */ = {
			isa = PBXContainerItemProxy;
			containerPortal = 473A9CC71B1859AC004360C1 /* Project object */;
			proxyType = 1;
			remoteGlobalIDString = 473A9CCE1B1859AC004360C1;
			remoteInfo = "Table Views";
		};
/* End PBXContainerItemProxy section */

/* Begin PBXFileReference section */
		473A9CCF1B1859AC004360C1 /* Table Views.app */ = {isa = PBXFileReference; explicitFileType = wrapper.application; includeInIndex = 0; path = "Table Views.app"; sourceTree = BUILT_PRODUCTS_DIR; };
		473A9CD31B1859AC004360C1 /* Info.plist */ = {isa = PBXFileReference; lastKnownFileType = text.plist.xml; path = Info.plist; sourceTree = "<group>"; };
		473A9CD41B1859AC004360C1 /* AppDelegate.swift */ = {isa = PBXFileReference; lastKnownFileType = sourcecode.swift; path = AppDelegate.swift; sourceTree = "<group>"; };
		473A9CD61B1859AC004360C1 /* ViewController.swift */ = {isa = PBXFileReference; lastKnownFileType = sourcecode.swift; path = ViewController.swift; sourceTree = "<group>"; };
		473A9CD91B1859AC004360C1 /* Base */ = {isa = PBXFileReference; lastKnownFileType = file.storyboard; name = Base; path = Base.lproj/Main.storyboard; sourceTree = "<group>"; };
		473A9CDB1B1859AC004360C1 /* Images.xcassets */ = {isa = PBXFileReference; lastKnownFileType = folder.assetcatalog; path = Images.xcassets; sourceTree = "<group>"; };
		473A9CDE1B1859AC004360C1 /* Base */ = {isa = PBXFileReference; lastKnownFileType = file.xib; name = Base; path = Base.lproj/LaunchScreen.xib; sourceTree = "<group>"; };
		473A9CE41B1859AC004360C1 /* Table ViewsTests.xctest */ = {isa = PBXFileReference; explicitFileType = wrapper.cfbundle; includeInIndex = 0; path = "Table ViewsTests.xctest"; sourceTree = BUILT_PRODUCTS_DIR; };
		473A9CE91B1859AC004360C1 /* Info.plist */ = {isa = PBXFileReference; lastKnownFileType = text.plist.xml; path = Info.plist; sourceTree = "<group>"; };
		473A9CEA1B1859AC004360C1 /* Table_ViewsTests.swift */ = {isa = PBXFileReference; lastKnownFileType = sourcecode.swift; path = Table_ViewsTests.swift; sourceTree = "<group>"; };
/* End PBXFileReference section */

/* Begin PBXFrameworksBuildPhase section */
		473A9CCC1B1859AC004360C1 /* Frameworks */ = {
			isa = PBXFrameworksBuildPhase;
			buildActionMask = 2147483647;
			files = (
			);
			runOnlyForDeploymentPostprocessing = 0;
		};
		473A9CE11B1859AC004360C1 /* Frameworks */ = {
			isa = PBXFrameworksBuildPhase;
			buildActionMask = 2147483647;
			files = (
			);
			runOnlyForDeploymentPostprocessing = 0;
		};
/* End PBXFrameworksBuildPhase section */

/* Begin PBXGroup section */
		473A9CC61B1859AC004360C1 = {
			isa = PBXGroup;
			children = (
				473A9CD11B1859AC004360C1 /* Table Views */,
				473A9CE71B1859AC004360C1 /* Table ViewsTests */,
				473A9CD01B1859AC004360C1 /* Products */,
			);
			sourceTree = "<group>";
		};
		473A9CD01B1859AC004360C1 /* Products */ = {
			isa = PBXGroup;
			children = (
				473A9CCF1B1859AC004360C1 /* Table Views.app */,
				473A9CE41B1859AC004360C1 /* Table ViewsTests.xctest */,
			);
			name = Products;
			sourceTree = "<group>";
		};
		473A9CD11B1859AC004360C1 /* Table Views */ = {
			isa = PBXGroup;
			children = (
				473A9CD41B1859AC004360C1 /* AppDelegate.swift */,
				473A9CD61B1859AC004360C1 /* ViewController.swift */,
				473A9CD81B1859AC004360C1 /* Main.storyboard */,
				473A9CDB1B1859AC004360C1 /* Images.xcassets */,
				473A9CDD1B1859AC004360C1 /* LaunchScreen.xib */,
				473A9CD21B1859AC004360C1 /* Supporting Files */,
			);
			path = "Table Views";
			sourceTree = "<group>";
		};
		473A9CD21B1859AC004360C1 /* Supporting Files */ = {
			isa = PBXGroup;
			children = (
				473A9CD31B1859AC004360C1 /* Info.plist */,
			);
			name = "Supporting Files";
			sourceTree = "<group>";
		};
		473A9CE71B1859AC004360C1 /* Table ViewsTests */ = {
			isa = PBXGroup;
			children = (
				473A9CEA1B1859AC004360C1 /* Table_ViewsTests.swift */,
				473A9CE81B1859AC004360C1 /* Supporting Files */,
			);
			path = "Table ViewsTests";
			sourceTree = "<group>";
		};
		473A9CE81B1859AC004360C1 /* Supporting Files */ = {
			isa = PBXGroup;
			children = (
				473A9CE91B1859AC004360C1 /* Info.plist */,
			);
			name = "Supporting Files";
			sourceTree = "<group>";
		};
/* End PBXGroup section */

/* Begin PBXNativeTarget section */
		473A9CCE1B1859AC004360C1 /* Table Views */ = {
			isa = PBXNativeTarget;
			buildConfigurationList = 473A9CEE1B1859AC004360C1 /* Build configuration list for PBXNativeTarget "Table Views" */;
			buildPhases = (
				473A9CCB1B1859AC004360C1 /* Sources */,
				473A9CCC1B1859AC004360C1 /* Frameworks */,
				473A9CCD1B1859AC004360C1 /* Resources */,
			);
			buildRules = (
			);
			dependencies = (
			);
			name = "Table Views";
			productName = "Table Views";
			productReference = 473A9CCF1B1859AC004360C1 /* Table Views.app */;
			productType = "com.apple.product-type.application";
		};
		473A9CE31B1859AC004360C1 /* Table ViewsTests */ = {
			isa = PBXNativeTarget;
			buildConfigurationList = 473A9CF11B1859AC004360C1 /* Build configuration list for PBXNativeTarget "Table ViewsTests" */;
			buildPhases = (
				473A9CE01B1859AC004360C1 /* Sources */,
				473A9CE11B1859AC004360C1 /* Frameworks */,
				473A9CE21B1859AC004360C1 /* Resources */,
			);
			buildRules = (
			);
			dependencies = (
				473A9CE61B1859AC004360C1 /* PBXTargetDependency */,
			);
			name = "Table ViewsTests";
			productName = "Table ViewsTests";
			productReference = 473A9CE41B1859AC004360C1 /* Table ViewsTests.xctest */;
			productType = "com.apple.product-type.bundle.unit-test";
		};
/* End PBXNativeTarget section */

/* Begin PBXProject section */
		473A9CC71B1859AC004360C1 /* Project object */ = {
			isa = PBXProject;
			attributes = {
				LastUpgradeCheck = 0630;
				ORGANIZATIONNAME = iDev;
				TargetAttributes = {
					473A9CCE1B1859AC004360C1 = {
						CreatedOnToolsVersion = 6.3.1;
					};
					473A9CE31B1859AC004360C1 = {
						CreatedOnToolsVersion = 6.3.1;
						TestTargetID = 473A9CCE1B1859AC004360C1;
					};
				};
			};
			buildConfigurationList = 473A9CCA1B1859AC004360C1 /* Build configuration list for PBXProject "Table Views" */;
			compatibilityVersion = "Xcode 3.2";
			developmentRegion = English;
			hasScannedForEncodings = 0;
			knownRegions = (
				en,
				Base,
			);
			mainGroup = 473A9CC61B1859AC004360C1;
			productRefGroup = 473A9CD01B1859AC004360C1 /* Products */;
			projectDirPath = "";
			projectRoot = "";
			targets = (
				473A9CCE1B1859AC004360C1 /* Table Views */,
				473A9CE31B1859AC004360C1 /* Table ViewsTests */,
			);
		};
/* End PBXProject section */

/* Begin PBXResourcesBuildPhase section */
		473A9CCD1B1859AC004360C1 /* Resources */ = {
			isa = PBXResourcesBuildPhase;
			buildActionMask = 2147483647;
			files = (
				473A9CDA1B1859AC004360C1 /* Main.storyboard in Resources */,
				473A9CDF1B1859AC004360C1 /* LaunchScreen.xib in Resources */,
				473A9CDC1B1859AC004360C1 /* Images.xcassets in Resources */,
			);
			runOnlyForDeploymentPostprocessing = 0;
		};
		473A9CE21B1859AC004360C1 /* Resources */ = {
			isa = PBXResourcesBuildPhase;
			buildActionMask = 2147483647;
			files = (
			);
			runOnlyForDeploymentPostprocessing = 0;
		};
/* End PBXResourcesBuildPhase section */

/* Begin PBXSourcesBuildPhase section */
		473A9CCB1B1859AC004360C1 /* Sources */ = {
			isa = PBXSourcesBuildPhase;
			buildActionMask = 2147483647;
			files = (
				473A9CD71B1859AC004360C1 /* ViewController.swift in Sources */,
				473A9CD51B1859AC004360C1 /* AppDelegate.swift in Sources */,
			);
			runOnlyForDeploymentPostprocessing = 0;
		};
		473A9CE01B1859AC004360C1 /* Sources */ = {
			isa = PBXSourcesBuildPhase;
			buildActionMask = 2147483647;
			files = (
				473A9CEB1B1859AC004360C1 /* Table_ViewsTests.swift in Sources */,
			);
			runOnlyForDeploymentPostprocessing = 0;
		};
/* End PBXSourcesBuildPhase section */

/* Begin PBXTargetDependency section */
		473A9CE61B1859AC004360C1 /* PBXTargetDependency */ = {
			isa = PBXTargetDependency;
			target = 473A9CCE1B1859AC004360C1 /* Table Views */;
			targetProxy = 473A9CE51B1859AC004360C1 /* PBXContainerItemProxy */;
		};
/* End PBXTargetDependency section */

/* Begin PBXVariantGroup section */
		473A9CD81B1859AC004360C1 /* Main.storyboard */ = {
			isa = PBXVariantGroup;
			children = (
				473A9CD91B1859AC004360C1 /* Base */,
			);
			name = Main.storyboard;
			sourceTree = "<group>";
		};
		473A9CDD1B1859AC004360C1 /* LaunchScreen.xib */ = {
			isa = PBXVariantGroup;
			children = (
				473A9CDE1B1859AC004360C1 /* Base */,
			);
			name = LaunchScreen.xib;
			sourceTree = "<group>";
		};
/* End PBXVariantGroup section */

/* Begin XCBuildConfiguration section */
		473A9CEC1B1859AC004360C1 /* Debug */ = {
			isa = XCBuildConfiguration;
			buildSettings = {
				ALWAYS_SEARCH_USER_PATHS = NO;
				CLANG_CXX_LANGUAGE_STANDARD = "gnu++0x";
				CLANG_CXX_LIBRARY = "libc++";
				CLANG_ENABLE_MODULES = YES;
				CLANG_ENABLE_OBJC_ARC = YES;
				CLANG_WARN_BOOL_CONVERSION = YES;
				CLANG_WARN_CONSTANT_CONVERSION = YES;
				CLANG_WARN_DIRECT_OBJC_ISA_USAGE = YES_ERROR;
				CLANG_WARN_EMPTY_BODY = YES;
				CLANG_WARN_ENUM_CONVERSION = YES;
				CLANG_WARN_INT_CONVERSION = YES;
				CLANG_WARN_OBJC_ROOT_CLASS = YES_ERROR;
				CLANG_WARN_UNREACHABLE_CODE = YES;
				CLANG_WARN__DUPLICATE_METHOD_MATCH = YES;
				"CODE_SIGN_IDENTITY[sdk=iphoneos*]" = "iPhone Developer";
				COPY_PHASE_STRIP = NO;
				DEBUG_INFORMATION_FORMAT = "dwarf-with-dsym";
				ENABLE_STRICT_OBJC_MSGSEND = YES;
				GCC_C_LANGUAGE_STANDARD = gnu99;
				GCC_DYNAMIC_NO_PIC = NO;
				GCC_NO_COMMON_BLOCKS = YES;
				GCC_OPTIMIZATION_LEVEL = 0;
				GCC_PREPROCESSOR_DEFINITIONS = (
					"DEBUG=1",
					"$(inherited)",
				);
				GCC_SYMBOLS_PRIVATE_EXTERN = NO;
				GCC_WARN_64_TO_32_BIT_CONVERSION = YES;
				GCC_WARN_ABOUT_RETURN_TYPE = YES_ERROR;
				GCC_WARN_UNDECLARED_SELECTOR = YES;
				GCC_WARN_UNINITIALIZED_AUTOS = YES_AGGRESSIVE;
				GCC_WARN_UNUSED_FUNCTION = YES;
				GCC_WARN_UNUSED_VARIABLE = YES;
				IPHONEOS_DEPLOYMENT_TARGET = 8.3;
				MTL_ENABLE_DEBUG_INFO = YES;
				ONLY_ACTIVE_ARCH = YES;
				SDKROOT = iphoneos;
				SWIFT_OPTIMIZATION_LEVEL = "-Onone";
				TARGETED_DEVICE_FAMILY = "1,2";
			};
			name = Debug;
		};
		473A9CED1B1859AC004360C1 /* Release */ = {
			isa = XCBuildConfiguration;
			buildSettings = {
				ALWAYS_SEARCH_USER_PATHS = NO;
				CLANG_CXX_LANGUAGE_STANDARD = "gnu++0x";
				CLANG_CXX_LIBRARY = "libc++";
				CLANG_ENABLE_MODULES = YES;
				CLANG_ENABLE_OBJC_ARC = YES;
				CLANG_WARN_BOOL_CONVERSION = YES;
				CLANG_WARN_CONSTANT_CONVERSION = YES;
				CLANG_WARN_DIRECT_OBJC_ISA_USAGE = YES_ERROR;
				CLANG_WARN_EMPTY_BODY = YES;
				CLANG_WARN_ENUM_CONVERSION = YES;
				CLANG_WARN_INT_CONVERSION = YES;
				CLANG_WARN_OBJC_ROOT_CLASS = YES_ERROR;
				CLANG_WARN_UNREACHABLE_CODE = YES;
				CLANG_WARN__DUPLICATE_METHOD_MATCH = YES;
				"CODE_SIGN_IDENTITY[sdk=iphoneos*]" = "iPhone Developer";
				COPY_PHASE_STRIP = NO;
				DEBUG_INFORMATION_FORMAT = "dwarf-with-dsym";
				ENABLE_NS_ASSERTIONS = NO;
				ENABLE_STRICT_OBJC_MSGSEND = YES;
				GCC_C_LANGUAGE_STANDARD = gnu99;
				GCC_NO_COMMON_BLOCKS = YES;
				GCC_WARN_64_TO_32_BIT_CONVERSION = YES;
				GCC_WARN_ABOUT_RETURN_TYPE = YES_ERROR;
				GCC_WARN_UNDECLARED_SELECTOR = YES;
				GCC_WARN_UNINITIALIZED_AUTOS = YES_AGGRESSIVE;
				GCC_WARN_UNUSED_FUNCTION = YES;
				GCC_WARN_UNUSED_VARIABLE = YES;
				IPHONEOS_DEPLOYMENT_TARGET = 8.3;
				MTL_ENABLE_DEBUG_INFO = NO;
				SDKROOT = iphoneos;
				TARGETED_DEVICE_FAMILY = "1,2";
				VALIDATE_PRODUCT = YES;
			};
			name = Release;
		};
		473A9CEF1B1859AC004360C1 /* Debug */ = {
			isa = XCBuildConfiguration;
			buildSettings = {
				ASSETCATALOG_COMPILER_APPICON_NAME = AppIcon;
				INFOPLIST_FILE = "Table Views/Info.plist";
				LD_RUNPATH_SEARCH_PATHS = "$(inherited) @executable_path/Frameworks";
				PRODUCT_NAME = "$(TARGET_NAME)";
			};
			name = Debug;
		};
		473A9CF01B1859AC004360C1 /* Release */ = {
			isa = XCBuildConfiguration;
			buildSettings = {
				ASSETCATALOG_COMPILER_APPICON_NAME = AppIcon;
				INFOPLIST_FILE = "Table Views/Info.plist";
				LD_RUNPATH_SEARCH_PATHS = "$(inherited) @executable_path/Frameworks";
				PRODUCT_NAME = "$(TARGET_NAME)";
			};
			name = Release;
		};
		473A9CF21B1859AC004360C1 /* Debug */ = {
			isa = XCBuildConfiguration;
			buildSettings = {
				BUNDLE_LOADER = "$(TEST_HOST)";
				FRAMEWORK_SEARCH_PATHS = (
					"$(SDKROOT)/Developer/Library/Frameworks",
					"$(inherited)",
				);
				GCC_PREPROCESSOR_DEFINITIONS = (
					"DEBUG=1",
					"$(inherited)",
				);
				INFOPLIST_FILE = "Table ViewsTests/Info.plist";
				LD_RUNPATH_SEARCH_PATHS = "$(inherited) @executable_path/Frameworks @loader_path/Frameworks";
				PRODUCT_NAME = "$(TARGET_NAME)";
				TEST_HOST = "$(BUILT_PRODUCTS_DIR)/Table Views.app/Table Views";
			};
			name = Debug;
		};
		473A9CF31B1859AC004360C1 /* Release */ = {
			isa = XCBuildConfiguration;
			buildSettings = {
				BUNDLE_LOADER = "$(TEST_HOST)";
				FRAMEWORK_SEARCH_PATHS = (
					"$(SDKROOT)/Developer/Library/Frameworks",
					"$(inherited)",
				);
				INFOPLIST_FILE = "Table ViewsTests/Info.plist";
				LD_RUNPATH_SEARCH_PATHS = "$(inherited) @executable_path/Frameworks @loader_path/Frameworks";
				PRODUCT_NAME = "$(TARGET_NAME)";
				TEST_HOST = "$(BUILT_PRODUCTS_DIR)/Table Views.app/Table Views";
			};
			name = Release;
		};
/* End XCBuildConfiguration section */

/* Begin XCConfigurationList section */
		473A9CCA1B1859AC004360C1 /* Build configuration list for PBXProject "Table Views" */ = {
			isa = XCConfigurationList;
			buildConfigurations = (
				473A9CEC1B1859AC004360C1 /* Debug */,
				473A9CED1B1859AC004360C1 /* Release */,
			);
			defaultConfigurationIsVisible = 0;
			defaultConfigurationName = Release;
		};
		473A9CEE1B1859AC004360C1 /* Build configuration list for PBXNativeTarget "Table Views" */ = {
			isa = XCConfigurationList;
			buildConfigurations = (
				473A9CEF1B1859AC004360C1 /* Debug */,
				473A9CF01B1859AC004360C1 /* Release */,
			);
			defaultConfigurationIsVisible = 0;
		};
		473A9CF11B1859AC004360C1 /* Build configuration list for PBXNativeTarget "Table ViewsTests" */ = {
			isa = XCConfigurationList;
			buildConfigurations = (
				473A9CF21B1859AC004360C1 /* Debug */,
				473A9CF31B1859AC004360C1 /* Release */,
			);
			defaultConfigurationIsVisible = 0;
		};
/* End XCConfigurationList section */
	};
	rootObject = 473A9CC71B1859AC004360C1 /* Project object */;
}
